
Microsoft Visual Studio Solution File, Format Version 12.00
# Visual Studio 15
VisualStudioVersion = 15.0.27130.2027
MinimumVisualStudioVersion = 10.0.40219.1
Project("{FAE04EC0-301F-11D3-BF4B-00C04F79EFBC}") = "CodeWars", "CodeWars\CodeWars.csproj", "{D00B0D3F-F256-4AC2-AE74-6094B74186B0}"
EndProject
Project("{FAE04EC0-301F-11D3-BF4B-00C04F79EFBC}") = "Tests", "Tests\Tests.csproj", "{7AA1F7FF-1AD0-47BB-9924-E012AC2A7C5A}"
EndProject
Project("{9A19103F-16F7-4668-BE54-9A1E7A4F7556}") = "FunctionApp1", "FunctionApp1\FunctionApp1.csproj", "{A4EFE36B-D128-4BE0-BE50-3F94EAC4C0D3}"
EndProject
Global
	GlobalSection(SolutionConfigurationPlatforms) = preSolution
		Debug|Any CPU = Debug|Any CPU
		Release|Any CPU = Release|Any CPU
	EndGlobalSection
	GlobalSection(ProjectConfigurationPlatforms) = postSolution
		{D00B0D3F-F256-4AC2-AE74-6094B74186B0}.Debug|Any CPU.ActiveCfg = Debug|Any CPU
		{D00B0D3F-F256-4AC2-AE74-6094B74186B0}.Debug|Any CPU.Build.0 = Debug|Any CPU
		{D00B0D3F-F256-4AC2-AE74-6094B74186B0}.Release|Any CPU.ActiveCfg = Release|Any CPU
		{D00B0D3F-F256-4AC2-AE74-6094B74186B0}.Release|Any CPU.Build.0 = Release|Any CPU
		{7AA1F7FF-1AD0-47BB-9924-E012AC2A7C5A}.Debug|Any CPU.ActiveCfg = Debug|Any CPU
		{7AA1F7FF-1AD0-47BB-9924-E012AC2A7C5A}.Debug|Any CPU.Build.0 = Debug|Any CPU
		{7AA1F7FF-1AD0-47BB-9924-E012AC2A7C5A}.Release|Any CPU.ActiveCfg = Release|Any CPU
		{7AA1F7FF-1AD0-47BB-9924-E012AC2A7C5A}.Release|Any CPU.Build.0 = Release|Any CPU
		{A4EFE36B-D128-4BE0-BE50-3F94EAC4C0D3}.Debug|Any CPU.ActiveCfg = Debug|Any CPU
		{A4EFE36B-D128-4BE0-BE50-3F94EAC4C0D3}.Debug|Any CPU.Build.0 = Debug|Any CPU
		{A4EFE36B-D128-4BE0-BE50-3F94EAC4C0D3}.Release|Any CPU.ActiveCfg = Release|Any CPU
		{A4EFE36B-D128-4BE0-BE50-3F94EAC4C0D3}.Release|Any CPU.Build.0 = Release|Any CPU
	EndGlobalSection
	GlobalSection(SolutionProperties) = preSolution
		HideSolutionNode = FALSE
	EndGlobalSection
	GlobalSection(ExtensibilityGlobals) = postSolution
		SolutionGuid = {0A81EBC3-7AB2-45AA-9670-41859D527E03}
	EndGlobalSection
EndGlobal
